// !$*UTF8*$!
{
	archiveVersion = 1;
	classes = {
	};
	objectVersion = 50;
	objects = {

/* Begin PBXBuildFile section */
		3A029209221143E80050BB41 /* Utility.swift in Sources */ = {isa = PBXBuildFile; fileRef = 3A029208221143E80050BB41 /* Utility.swift */; };
		3A1C243B222D41F7002B581E /* DrawerTableViewRightCell.xib in Resources */ = {isa = PBXBuildFile; fileRef = 3A1C243A222D41F7002B581E /* DrawerTableViewRightCell.xib */; };
		3A1C243D222D421B002B581E /* DrawerTableViewRightCell.swift in Sources */ = {isa = PBXBuildFile; fileRef = 3A1C243C222D421B002B581E /* DrawerTableViewRightCell.swift */; };
		3A3907B42222360400C525FB /* Main.storyboard in Resources */ = {isa = PBXBuildFile; fileRef = 3A3907B32222360400C525FB /* Main.storyboard */; };
		3A578692221C3A8700C01417 /* No-user.png in Resources */ = {isa = PBXBuildFile; fileRef = 3A57868F221C3A8700C01417 /* No-user.png */; };
		3A578693221C3A8700C01417 /* LeftMenu.png in Resources */ = {isa = PBXBuildFile; fileRef = 3A578690221C3A8700C01417 /* LeftMenu.png */; };
		3A578694221C3A8700C01417 /* right-menu-icon.png in Resources */ = {isa = PBXBuildFile; fileRef = 3A578691221C3A8700C01417 /* right-menu-icon.png */; };
		3A578696221C3E6800C01417 /* AuthDataModel.swift in Sources */ = {isa = PBXBuildFile; fileRef = 3A578695221C3E6800C01417 /* AuthDataModel.swift */; };
		3A6A6289223E240B00225C93 /* dots_120.png in Resources */ = {isa = PBXBuildFile; fileRef = 3A6A6288223E240B00225C93 /* dots_120.png */; };
		3A70511E221ABAF400999D6D /* DrawerTableViewCell.xib in Resources */ = {isa = PBXBuildFile; fileRef = 3A70511D221ABAF400999D6D /* DrawerTableViewCell.xib */; };
		3A705120221ABBC700999D6D /* DrawerTableViewCell.swift in Sources */ = {isa = PBXBuildFile; fileRef = 3A70511F221ABBC600999D6D /* DrawerTableViewCell.swift */; };
		3AAB43C2222F674900D8DFD9 /* Burger.png in Resources */ = {isa = PBXBuildFile; fileRef = 3AAB43C0222F674900D8DFD9 /* Burger.png */; };
		3AAB43C3222F674900D8DFD9 /* Profile_pic-2.png in Resources */ = {isa = PBXBuildFile; fileRef = 3AAB43C1222F674900D8DFD9 /* Profile_pic-2.png */; };
		3AC43EB42210249800DC48E6 /* PSUserDefaults.swift in Sources */ = {isa = PBXBuildFile; fileRef = 3AC43EB32210249700DC48E6 /* PSUserDefaults.swift */; };
		3AD61A50221D2F1E0018E37D /* right-menu-icon-iOS.png in Resources */ = {isa = PBXBuildFile; fileRef = 3AD61A4F221D2F1E0018E37D /* right-menu-icon-iOS.png */; };
		3AD61A54221D8B530018E37D /* Dosis-Bold.ttf in Resources */ = {isa = PBXBuildFile; fileRef = 3AD61A53221D8B530018E37D /* Dosis-Bold.ttf */; };
		3AE25BE722362D5300D4593E /* Profile_pic.png in Resources */ = {isa = PBXBuildFile; fileRef = 3AE25BE622362D5300D4593E /* Profile_pic.png */; };
		3AE5FF46222E3AFE002E266C /* Dosis-Light.ttf in Resources */ = {isa = PBXBuildFile; fileRef = 3AE5FF45222E3AFE002E266C /* Dosis-Light.ttf */; };
		3AE5FF48222E3C06002E266C /* Dosis-Book.ttf in Resources */ = {isa = PBXBuildFile; fileRef = 3AE5FF47222E3C06002E266C /* Dosis-Book.ttf */; };
		3AE5FF4A222E600B002E266C /* Dosis-SemiBold.ttf in Resources */ = {isa = PBXBuildFile; fileRef = 3AE5FF49222E600A002E266C /* Dosis-SemiBold.ttf */; };
		3AF361BC22191EDD0049FA29 /* libz.tbd in Frameworks */ = {isa = PBXBuildFile; fileRef = 3AF361BB22191EDD0049FA29 /* libz.tbd */; };
		3AF361BE22191EEE0049FA29 /* libc++.1.tbd in Frameworks */ = {isa = PBXBuildFile; fileRef = 3AF361BD22191EEE0049FA29 /* libc++.1.tbd */; };
		B7EAF8652210184C00AC84D4 /* AppDelegate.swift in Sources */ = {isa = PBXBuildFile; fileRef = B7EAF8642210184C00AC84D4 /* AppDelegate.swift */; };
		B7EAF8672210184C00AC84D4 /* WebViewController.swift in Sources */ = {isa = PBXBuildFile; fileRef = B7EAF8662210184C00AC84D4 /* WebViewController.swift */; };
		B7EAF86C2210185800AC84D4 /* Assets.xcassets in Resources */ = {isa = PBXBuildFile; fileRef = B7EAF86B2210185800AC84D4 /* Assets.xcassets */; };
		B7EAF86F2210185800AC84D4 /* LaunchScreen.storyboard in Resources */ = {isa = PBXBuildFile; fileRef = B7EAF86D2210185800AC84D4 /* LaunchScreen.storyboard */; };
		B7EAF87A2210185800AC84D4 /* SwiftSideMenuUITests.swift in Sources */ = {isa = PBXBuildFile; fileRef = B7EAF8792210185800AC84D4 /* SwiftSideMenuUITests.swift */; };
		B7EAF88822101A0A00AC84D4 /* PSConstants.swift in Sources */ = {isa = PBXBuildFile; fileRef = B7EAF88722101A0A00AC84D4 /* PSConstants.swift */; };
		B7EAF88A22101AF700AC84D4 /* WebView+Extension.swift in Sources */ = {isa = PBXBuildFile; fileRef = B7EAF88922101AF700AC84D4 /* WebView+Extension.swift */; };
		B7F29E7B22155BAD00631050 /* ServiceModel.swift in Sources */ = {isa = PBXBuildFile; fileRef = B7F29E7722155BAD00631050 /* ServiceModel.swift */; };
		B7F29E7C22155BAD00631050 /* Mapper.swift in Sources */ = {isa = PBXBuildFile; fileRef = B7F29E7822155BAD00631050 /* Mapper.swift */; };
		B7F29E7D22155BAD00631050 /* ServiceData.swift in Sources */ = {isa = PBXBuildFile; fileRef = B7F29E7922155BAD00631050 /* ServiceData.swift */; };
		B7F29E7E22155BAD00631050 /* WebService.swift in Sources */ = {isa = PBXBuildFile; fileRef = B7F29E7A22155BAD00631050 /* WebService.swift */; };
		B7F29E80221567AD00631050 /* MenuListModel.swift in Sources */ = {isa = PBXBuildFile; fileRef = B7F29E7F221567AD00631050 /* MenuListModel.swift */; };
		B7F29E822215682600631050 /* MenuModel.swift in Sources */ = {isa = PBXBuildFile; fileRef = B7F29E812215682600631050 /* MenuModel.swift */; };
		B7F29E85221568EB00631050 /* MenuListViewModel.swift in Sources */ = {isa = PBXBuildFile; fileRef = B7F29E84221568EB00631050 /* MenuListViewModel.swift */; };
/* End PBXBuildFile section */

/* Begin PBXContainerItemProxy section */
		B7EAF8762210185800AC84D4 /* PBXContainerItemProxy */ = {
			isa = PBXContainerItemProxy;
			containerPortal = B7EAF8592210184C00AC84D4 /* Project object */;
			proxyType = 1;
			remoteGlobalIDString = B7EAF8602210184C00AC84D4;
			remoteInfo = PartiStaff;
		};
/* End PBXContainerItemProxy section */

/* Begin PBXFileReference section */
		3A029208221143E80050BB41 /* Utility.swift */ = {isa = PBXFileReference; lastKnownFileType = sourcecode.swift; path = Utility.swift; sourceTree = "<group>"; };
		3A1C243A222D41F7002B581E /* DrawerTableViewRightCell.xib */ = {isa = PBXFileReference; fileEncoding = 4; lastKnownFileType = file.xib; path = DrawerTableViewRightCell.xib; sourceTree = "<group>"; };
		3A1C243C222D421B002B581E /* DrawerTableViewRightCell.swift */ = {isa = PBXFileReference; fileEncoding = 4; lastKnownFileType = sourcecode.swift; path = DrawerTableViewRightCell.swift; sourceTree = "<group>"; };
		3A3907B32222360400C525FB /* Main.storyboard */ = {isa = PBXFileReference; fileEncoding = 4; lastKnownFileType = file.storyboard; path = Main.storyboard; sourceTree = "<group>"; };
		3A57868F221C3A8700C01417 /* No-user.png */ = {isa = PBXFileReference; lastKnownFileType = image.png; path = "No-user.png"; sourceTree = "<group>"; };
		3A578690221C3A8700C01417 /* LeftMenu.png */ = {isa = PBXFileReference; lastKnownFileType = image.png; path = LeftMenu.png; sourceTree = "<group>"; };
		3A578691221C3A8700C01417 /* right-menu-icon.png */ = {isa = PBXFileReference; lastKnownFileType = image.png; path = "right-menu-icon.png"; sourceTree = "<group>"; };
		3A578695221C3E6800C01417 /* AuthDataModel.swift */ = {isa = PBXFileReference; lastKnownFileType = sourcecode.swift; path = AuthDataModel.swift; sourceTree = "<group>"; };
		3A6A6288223E240B00225C93 /* dots_120.png */ = {isa = PBXFileReference; lastKnownFileType = image.png; path = dots_120.png; sourceTree = "<group>"; };
		3A705116221A587300999D6D /* SwiftSideMenu-Bridging-Header.h */ = {isa = PBXFileReference; lastKnownFileType = sourcecode.c.h; path = "SwiftSideMenu-Bridging-Header.h"; sourceTree = "<group>"; };
		3A70511D221ABAF400999D6D /* DrawerTableViewCell.xib */ = {isa = PBXFileReference; fileEncoding = 4; lastKnownFileType = file.xib; path = DrawerTableViewCell.xib; sourceTree = "<group>"; };
		3A70511F221ABBC600999D6D /* DrawerTableViewCell.swift */ = {isa = PBXFileReference; fileEncoding = 4; lastKnownFileType = sourcecode.swift; path = DrawerTableViewCell.swift; sourceTree = "<group>"; };
		3AAB43C0222F674900D8DFD9 /* Burger.png */ = {isa = PBXFileReference; lastKnownFileType = image.png; path = Burger.png; sourceTree = "<group>"; };
		3AAB43C1222F674900D8DFD9 /* Profile_pic-2.png */ = {isa = PBXFileReference; lastKnownFileType = image.png; path = "Profile_pic-2.png"; sourceTree = "<group>"; };
		3AC43EB32210249700DC48E6 /* PSUserDefaults.swift */ = {isa = PBXFileReference; fileEncoding = 4; lastKnownFileType = sourcecode.swift; path = PSUserDefaults.swift; sourceTree = "<group>"; };
		3AD61A4F221D2F1E0018E37D /* right-menu-icon-iOS.png */ = {isa = PBXFileReference; lastKnownFileType = image.png; path = "right-menu-icon-iOS.png"; sourceTree = "<group>"; };
		3AD61A53221D8B530018E37D /* Dosis-Bold.ttf */ = {isa = PBXFileReference; lastKnownFileType = file; path = "Dosis-Bold.ttf"; sourceTree = "<group>"; };
		3AE25BE622362D5300D4593E /* Profile_pic.png */ = {isa = PBXFileReference; lastKnownFileType = image.png; path = Profile_pic.png; sourceTree = "<group>"; };
		3AE5FF45222E3AFE002E266C /* Dosis-Light.ttf */ = {isa = PBXFileReference; lastKnownFileType = file; path = "Dosis-Light.ttf"; sourceTree = "<group>"; };
		3AE5FF47222E3C06002E266C /* Dosis-Book.ttf */ = {isa = PBXFileReference; lastKnownFileType = file; path = "Dosis-Book.ttf"; sourceTree = "<group>"; };
		3AE5FF49222E600A002E266C /* Dosis-SemiBold.ttf */ = {isa = PBXFileReference; lastKnownFileType = file; path = "Dosis-SemiBold.ttf"; sourceTree = "<group>"; };
		3AF361BB22191EDD0049FA29 /* libz.tbd */ = {isa = PBXFileReference; lastKnownFileType = "sourcecode.text-based-dylib-definition"; name = libz.tbd; path = usr/lib/libz.tbd; sourceTree = SDKROOT; };
		3AF361BD22191EEE0049FA29 /* libc++.1.tbd */ = {isa = PBXFileReference; lastKnownFileType = "sourcecode.text-based-dylib-definition"; name = "libc++.1.tbd"; path = "usr/lib/libc++.1.tbd"; sourceTree = SDKROOT; };
		B7C4E91F2212D2BD00450C8C /* SwiftSideMenu.entitlements */ = {isa = PBXFileReference; lastKnownFileType = text.plist.entitlements; path = SwiftSideMenu.entitlements; sourceTree = "<group>"; };
		B7EAF8612210184C00AC84D4 /* SwiftSideMenu.app */ = {isa = PBXFileReference; explicitFileType = wrapper.application; includeInIndex = 0; path = SwiftSideMenu.app; sourceTree = BUILT_PRODUCTS_DIR; };
		B7EAF8642210184C00AC84D4 /* AppDelegate.swift */ = {isa = PBXFileReference; lastKnownFileType = sourcecode.swift; path = AppDelegate.swift; sourceTree = "<group>"; };
		B7EAF8662210184C00AC84D4 /* WebViewController.swift */ = {isa = PBXFileReference; lastKnownFileType = sourcecode.swift; path = WebViewController.swift; sourceTree = "<group>"; };
		B7EAF86B2210185800AC84D4 /* Assets.xcassets */ = {isa = PBXFileReference; lastKnownFileType = folder.assetcatalog; path = Assets.xcassets; sourceTree = "<group>"; };
		B7EAF86E2210185800AC84D4 /* Base */ = {isa = PBXFileReference; lastKnownFileType = file.storyboard; name = Base; path = Base.lproj/LaunchScreen.storyboard; sourceTree = "<group>"; };
		B7EAF8702210185800AC84D4 /* Info.plist */ = {isa = PBXFileReference; lastKnownFileType = text.plist.xml; path = Info.plist; sourceTree = "<group>"; };
		B7EAF8752210185800AC84D4 /* SwiftSideMenuUITests.xctest */ = {isa = PBXFileReference; explicitFileType = wrapper.cfbundle; includeInIndex = 0; path = SwiftSideMenuUITests.xctest; sourceTree = BUILT_PRODUCTS_DIR; };
		B7EAF8792210185800AC84D4 /* SwiftSideMenuUITests.swift */ = {isa = PBXFileReference; lastKnownFileType = sourcecode.swift; path = SwiftSideMenuUITests.swift; sourceTree = "<group>"; };
		B7EAF87B2210185800AC84D4 /* Info.plist */ = {isa = PBXFileReference; lastKnownFileType = text.plist.xml; path = Info.plist; sourceTree = "<group>"; };
		B7EAF88722101A0A00AC84D4 /* PSConstants.swift */ = {isa = PBXFileReference; fileEncoding = 4; lastKnownFileType = sourcecode.swift; path = PSConstants.swift; sourceTree = "<group>"; };
		B7EAF88922101AF700AC84D4 /* WebView+Extension.swift */ = {isa = PBXFileReference; lastKnownFileType = sourcecode.swift; path = "WebView+Extension.swift"; sourceTree = "<group>"; };
		B7F29E7722155BAD00631050 /* ServiceModel.swift */ = {isa = PBXFileReference; fileEncoding = 4; lastKnownFileType = sourcecode.swift; path = ServiceModel.swift; sourceTree = "<group>"; };
		B7F29E7822155BAD00631050 /* Mapper.swift */ = {isa = PBXFileReference; fileEncoding = 4; lastKnownFileType = sourcecode.swift; path = Mapper.swift; sourceTree = "<group>"; };
		B7F29E7922155BAD00631050 /* ServiceData.swift */ = {isa = PBXFileReference; fileEncoding = 4; lastKnownFileType = sourcecode.swift; path = ServiceData.swift; sourceTree = "<group>"; };
		B7F29E7A22155BAD00631050 /* WebService.swift */ = {isa = PBXFileReference; fileEncoding = 4; lastKnownFileType = sourcecode.swift; path = WebService.swift; sourceTree = "<group>"; };
		B7F29E7F221567AD00631050 /* MenuListModel.swift */ = {isa = PBXFileReference; lastKnownFileType = sourcecode.swift; path = MenuListModel.swift; sourceTree = "<group>"; };
		B7F29E812215682600631050 /* MenuModel.swift */ = {isa = PBXFileReference; lastKnownFileType = sourcecode.swift; path = MenuModel.swift; sourceTree = "<group>"; };
		B7F29E84221568EB00631050 /* MenuListViewModel.swift */ = {isa = PBXFileReference; lastKnownFileType = sourcecode.swift; path = MenuListViewModel.swift; sourceTree = "<group>"; };
/* End PBXFileReference section */

/* Begin PBXFrameworksBuildPhase section */
		B7EAF85E2210184C00AC84D4 /* Frameworks */ = {
			isa = PBXFrameworksBuildPhase;
			buildActionMask = 2147483647;
			files = (
				3AF361BE22191EEE0049FA29 /* libc++.1.tbd in Frameworks */,
				3AF361BC22191EDD0049FA29 /* libz.tbd in Frameworks */,
			);
			runOnlyForDeploymentPostprocessing = 0;
		};
		B7EAF8722210185800AC84D4 /* Frameworks */ = {
			isa = PBXFrameworksBuildPhase;
			buildActionMask = 2147483647;
			files = (
			);
			runOnlyForDeploymentPostprocessing = 0;
		};
/* End PBXFrameworksBuildPhase section */

/* Begin PBXGroup section */
		5D1A0A22851B429D6A314294 /* Frameworks */ = {
			isa = PBXGroup;
			children = (
				3AF361BD22191EEE0049FA29 /* libc++.1.tbd */,
				3AF361BB22191EDD0049FA29 /* libz.tbd */,
			);
			name = Frameworks;
			sourceTree = "<group>";
		};
		B759A76F22103386009E6D30 /* Resources */ = {
			isa = PBXGroup;
			children = (
				3AD61A53221D8B530018E37D /* Dosis-Bold.ttf */,
				3AE5FF47222E3C06002E266C /* Dosis-Book.ttf */,
				3AE5FF45222E3AFE002E266C /* Dosis-Light.ttf */,
				3AE5FF49222E600A002E266C /* Dosis-SemiBold.ttf */,
				3A578690221C3A8700C01417 /* LeftMenu.png */,
				3A57868F221C3A8700C01417 /* No-user.png */,
				3A578691221C3A8700C01417 /* right-menu-icon.png */,
				3AD61A4F221D2F1E0018E37D /* right-menu-icon-iOS.png */,
				3AAB43C0222F674900D8DFD9 /* Burger.png */,
				3AAB43C1222F674900D8DFD9 /* Profile_pic-2.png */,
				3AE25BE622362D5300D4593E /* Profile_pic.png */,
				3A6A6288223E240B00225C93 /* dots_120.png */,
			);
			path = Resources;
			sourceTree = "<group>";
		};
		B7EAF8582210184C00AC84D4 = {
			isa = PBXGroup;
			children = (
				B7F29E7422155B6000631050 /* Model */,
				B7EAF8632210184C00AC84D4 /* SwiftSideMenu */,
				B7EAF8782210185800AC84D4 /* SwiftSideMenuUITests */,
				B7EAF8622210184C00AC84D4 /* Products */,
				5D1A0A22851B429D6A314294 /* Frameworks */,
			);
			sourceTree = "<group>";
		};
		B7EAF8622210184C00AC84D4 /* Products */ = {
			isa = PBXGroup;
			children = (
				B7EAF8612210184C00AC84D4 /* SwiftSideMenu.app */,
				B7EAF8752210185800AC84D4 /* SwiftSideMenuUITests.xctest */,
			);
			name = Products;
			sourceTree = "<group>";
		};
		B7EAF8632210184C00AC84D4 /* SwiftSideMenu */ = {
			isa = PBXGroup;
			children = (
				B7C4E91F2212D2BD00450C8C /* SwiftSideMenu.entitlements */,
				B759A76F22103386009E6D30 /* Resources */,
				B7EAF886221019D700AC84D4 /* Utility */,
				B7EAF8642210184C00AC84D4 /* AppDelegate.swift */,
				B7EAF8662210184C00AC84D4 /* WebViewController.swift */,
				3A3907B32222360400C525FB /* Main.storyboard */,
				3A70511D221ABAF400999D6D /* DrawerTableViewCell.xib */,
				3A1C243A222D41F7002B581E /* DrawerTableViewRightCell.xib */,
				B7EAF86B2210185800AC84D4 /* Assets.xcassets */,
				B7EAF86D2210185800AC84D4 /* LaunchScreen.storyboard */,
				B7EAF8702210185800AC84D4 /* Info.plist */,
				3A705116221A587300999D6D /* SwiftSideMenu-Bridging-Header.h */,
			);
			path = SwiftSideMenu;
			sourceTree = "<group>";
		};
		B7EAF8782210185800AC84D4 /* SwiftSideMenuUITests */ = {
			isa = PBXGroup;
			children = (
				B7EAF8792210185800AC84D4 /* SwiftSideMenuUITests.swift */,
				B7EAF87B2210185800AC84D4 /* Info.plist */,
			);
			path = SwiftSideMenuUITests;
			sourceTree = "<group>";
		};
		B7EAF886221019D700AC84D4 /* Utility */ = {
			isa = PBXGroup;
			children = (
				B7EAF88722101A0A00AC84D4 /* PSConstants.swift */,
				3AC43EB32210249700DC48E6 /* PSUserDefaults.swift */,
				B7EAF88922101AF700AC84D4 /* WebView+Extension.swift */,
				3A029208221143E80050BB41 /* Utility.swift */,
				3A70511F221ABBC600999D6D /* DrawerTableViewCell.swift */,
				3A1C243C222D421B002B581E /* DrawerTableViewRightCell.swift */,
			);
			path = Utility;
			sourceTree = "<group>";
		};
		B7F29E7422155B6000631050 /* Model */ = {
			isa = PBXGroup;
			children = (
				B7F29E83221568CE00631050 /* View Model */,
				B7F29E7622155B7500631050 /* Data Model */,
				B7F29E7522155B6B00631050 /* API Model */,
			);
			path = Model;
			sourceTree = "<group>";
		};
		B7F29E7522155B6B00631050 /* API Model */ = {
			isa = PBXGroup;
			children = (
				B7F29E7822155BAD00631050 /* Mapper.swift */,
				B7F29E7922155BAD00631050 /* ServiceData.swift */,
				B7F29E7722155BAD00631050 /* ServiceModel.swift */,
				B7F29E7A22155BAD00631050 /* WebService.swift */,
			);
			path = "API Model";
			sourceTree = "<group>";
		};
		B7F29E7622155B7500631050 /* Data Model */ = {
			isa = PBXGroup;
			children = (
				B7F29E7F221567AD00631050 /* MenuListModel.swift */,
				B7F29E812215682600631050 /* MenuModel.swift */,
				3A578695221C3E6800C01417 /* AuthDataModel.swift */,
			);
			path = "Data Model";
			sourceTree = "<group>";
		};
		B7F29E83221568CE00631050 /* View Model */ = {
			isa = PBXGroup;
			children = (
				B7F29E84221568EB00631050 /* MenuListViewModel.swift */,
			);
			path = "View Model";
			sourceTree = "<group>";
		};
/* End PBXGroup section */

/* Begin PBXNativeTarget section */
		B7EAF8602210184C00AC84D4 /* SwiftSideMenu */ = {
			isa = PBXNativeTarget;
			buildConfigurationList = B7EAF87E2210185800AC84D4 /* Build configuration list for PBXNativeTarget "SwiftSideMenu" */;
			buildPhases = (
				B7EAF85D2210184C00AC84D4 /* Sources */,
				B7EAF85E2210184C00AC84D4 /* Frameworks */,
				B7EAF85F2210184C00AC84D4 /* Resources */,
			);
			buildRules = (
			);
			dependencies = (
			);
			name = SwiftSideMenu;
			productName = PartiStaff;
			productReference = B7EAF8612210184C00AC84D4 /* SwiftSideMenu.app */;
			productType = "com.apple.product-type.application";
		};
		B7EAF8742210185800AC84D4 /* SwiftSideMenuUITests */ = {
			isa = PBXNativeTarget;
			buildConfigurationList = B7EAF8812210185800AC84D4 /* Build configuration list for PBXNativeTarget "SwiftSideMenuUITests" */;
			buildPhases = (
				B7EAF8712210185800AC84D4 /* Sources */,
				B7EAF8722210185800AC84D4 /* Frameworks */,
				B7EAF8732210185800AC84D4 /* Resources */,
			);
			buildRules = (
			);
			dependencies = (
				B7EAF8772210185800AC84D4 /* PBXTargetDependency */,
			);
			name = SwiftSideMenuUITests;
			productName = PartiStaffUITests;
			productReference = B7EAF8752210185800AC84D4 /* SwiftSideMenuUITests.xctest */;
			productType = "com.apple.product-type.bundle.ui-testing";
		};
/* End PBXNativeTarget section */

/* Begin PBXProject section */
		B7EAF8592210184C00AC84D4 /* Project object */ = {
			isa = PBXProject;
			attributes = {
				LastSwiftUpdateCheck = 1010;
				LastUpgradeCheck = 1010;
				ORGANIZATIONNAME = "FAQ Interactive Ltd";
				TargetAttributes = {
					B7EAF8602210184C00AC84D4 = {
						CreatedOnToolsVersion = 10.1;
						SystemCapabilities = {
							com.apple.BackgroundModes = {
								enabled = 0;
							};
							com.apple.Push = {
								enabled = 0;
							};
							com.apple.SafariKeychain = {
								enabled = 0;
							};
						};
					};
					B7EAF8742210185800AC84D4 = {
						CreatedOnToolsVersion = 10.1;
						TestTargetID = B7EAF8602210184C00AC84D4;
					};
				};
			};
			buildConfigurationList = B7EAF85C2210184C00AC84D4 /* Build configuration list for PBXProject "SwiftSideMenu" */;
			compatibilityVersion = "Xcode 9.3";
			developmentRegion = en;
			hasScannedForEncodings = 0;
			knownRegions = (
				en,
				Base,
			);
			mainGroup = B7EAF8582210184C00AC84D4;
			productRefGroup = B7EAF8622210184C00AC84D4 /* Products */;
			projectDirPath = "";
			projectRoot = "";
			targets = (
				B7EAF8602210184C00AC84D4 /* SwiftSideMenu */,
				B7EAF8742210185800AC84D4 /* SwiftSideMenuUITests */,
			);
		};
/* End PBXProject section */

/* Begin PBXResourcesBuildPhase section */
		B7EAF85F2210184C00AC84D4 /* Resources */ = {
			isa = PBXResourcesBuildPhase;
			buildActionMask = 2147483647;
			files = (
				3A70511E221ABAF400999D6D /* DrawerTableViewCell.xib in Resources */,
				3AAB43C2222F674900D8DFD9 /* Burger.png in Resources */,
				3AE25BE722362D5300D4593E /* Profile_pic.png in Resources */,
				3A578694221C3A8700C01417 /* right-menu-icon.png in Resources */,
				3AE5FF48222E3C06002E266C /* Dosis-Book.ttf in Resources */,
				3AE5FF46222E3AFE002E266C /* Dosis-Light.ttf in Resources */,
				B7EAF86F2210185800AC84D4 /* LaunchScreen.storyboard in Resources */,
				3A578693221C3A8700C01417 /* LeftMenu.png in Resources */,
				3A3907B42222360400C525FB /* Main.storyboard in Resources */,
				3AAB43C3222F674900D8DFD9 /* Profile_pic-2.png in Resources */,
				3AD61A50221D2F1E0018E37D /* right-menu-icon-iOS.png in Resources */,
				B7EAF86C2210185800AC84D4 /* Assets.xcassets in Resources */,
				3AD61A54221D8B530018E37D /* Dosis-Bold.ttf in Resources */,
				3AE5FF4A222E600B002E266C /* Dosis-SemiBold.ttf in Resources */,
				3A578692221C3A8700C01417 /* No-user.png in Resources */,
				3A1C243B222D41F7002B581E /* DrawerTableViewRightCell.xib in Resources */,
				3A6A6289223E240B00225C93 /* dots_120.png in Resources */,
			);
			runOnlyForDeploymentPostprocessing = 0;
		};
		B7EAF8732210185800AC84D4 /* Resources */ = {
			isa = PBXResourcesBuildPhase;
			buildActionMask = 2147483647;
			files = (
			);
			runOnlyForDeploymentPostprocessing = 0;
		};
/* End PBXResourcesBuildPhase section */

/* Begin PBXSourcesBuildPhase section */
		B7EAF85D2210184C00AC84D4 /* Sources */ = {
			isa = PBXSourcesBuildPhase;
			buildActionMask = 2147483647;
			files = (
				B7EAF8672210184C00AC84D4 /* WebViewController.swift in Sources */,
				B7F29E85221568EB00631050 /* MenuListViewModel.swift in Sources */,
				3A1C243D222D421B002B581E /* DrawerTableViewRightCell.swift in Sources */,
				B7EAF88822101A0A00AC84D4 /* PSConstants.swift in Sources */,
				3A029209221143E80050BB41 /* Utility.swift in Sources */,
				3AC43EB42210249800DC48E6 /* PSUserDefaults.swift in Sources */,
				3A705120221ABBC700999D6D /* DrawerTableViewCell.swift in Sources */,
				B7F29E7C22155BAD00631050 /* Mapper.swift in Sources */,
				B7F29E7B22155BAD00631050 /* ServiceModel.swift in Sources */,
				B7F29E80221567AD00631050 /* MenuListModel.swift in Sources */,
				B7EAF8652210184C00AC84D4 /* AppDelegate.swift in Sources */,
				B7F29E822215682600631050 /* MenuModel.swift in Sources */,
				3A578696221C3E6800C01417 /* AuthDataModel.swift in Sources */,
				B7EAF88A22101AF700AC84D4 /* WebView+Extension.swift in Sources */,
				B7F29E7E22155BAD00631050 /* WebService.swift in Sources */,
				B7F29E7D22155BAD00631050 /* ServiceData.swift in Sources */,
			);
			runOnlyForDeploymentPostprocessing = 0;
		};
		B7EAF8712210185800AC84D4 /* Sources */ = {
			isa = PBXSourcesBuildPhase;
			buildActionMask = 2147483647;
			files = (
				B7EAF87A2210185800AC84D4 /* SwiftSideMenuUITests.swift in Sources */,
			);
			runOnlyForDeploymentPostprocessing = 0;
		};
/* End PBXSourcesBuildPhase section */

/* Begin PBXTargetDependency section */
		B7EAF8772210185800AC84D4 /* PBXTargetDependency */ = {
			isa = PBXTargetDependency;
			target = B7EAF8602210184C00AC84D4 /* SwiftSideMenu */;
			targetProxy = B7EAF8762210185800AC84D4 /* PBXContainerItemProxy */;
		};
/* End PBXTargetDependency section */

/* Begin PBXVariantGroup section */
		B7EAF86D2210185800AC84D4 /* LaunchScreen.storyboard */ = {
			isa = PBXVariantGroup;
			children = (
				B7EAF86E2210185800AC84D4 /* Base */,
			);
			name = LaunchScreen.storyboard;
			sourceTree = "<group>";
		};
/* End PBXVariantGroup section */

/* Begin XCBuildConfiguration section */
		B7EAF87C2210185800AC84D4 /* Debug */ = {
			isa = XCBuildConfiguration;
			buildSettings = {
				ALWAYS_SEARCH_USER_PATHS = NO;
				CLANG_ANALYZER_NONNULL = YES;
				CLANG_ANALYZER_NUMBER_OBJECT_CONVERSION = YES_AGGRESSIVE;
				CLANG_CXX_LANGUAGE_STANDARD = "gnu++14";
				CLANG_CXX_LIBRARY = "libc++";
				CLANG_ENABLE_MODULES = YES;
				CLANG_ENABLE_OBJC_ARC = YES;
				CLANG_ENABLE_OBJC_WEAK = YES;
				CLANG_WARN_BLOCK_CAPTURE_AUTORELEASING = YES;
				CLANG_WARN_BOOL_CONVERSION = YES;
				CLANG_WARN_COMMA = YES;
				CLANG_WARN_CONSTANT_CONVERSION = YES;
				CLANG_WARN_DEPRECATED_OBJC_IMPLEMENTATIONS = YES;
				CLANG_WARN_DIRECT_OBJC_ISA_USAGE = YES_ERROR;
				CLANG_WARN_DOCUMENTATION_COMMENTS = YES;
				CLANG_WARN_EMPTY_BODY = YES;
				CLANG_WARN_ENUM_CONVERSION = YES;
				CLANG_WARN_INFINITE_RECURSION = YES;
				CLANG_WARN_INT_CONVERSION = YES;
				CLANG_WARN_NON_LITERAL_NULL_CONVERSION = YES;
				CLANG_WARN_OBJC_IMPLICIT_RETAIN_SELF = YES;
				CLANG_WARN_OBJC_LITERAL_CONVERSION = YES;
				CLANG_WARN_OBJC_ROOT_CLASS = YES_ERROR;
				CLANG_WARN_RANGE_LOOP_ANALYSIS = YES;
				CLANG_WARN_STRICT_PROTOTYPES = YES;
				CLANG_WARN_SUSPICIOUS_MOVE = YES;
				CLANG_WARN_UNGUARDED_AVAILABILITY = YES_AGGRESSIVE;
				CLANG_WARN_UNREACHABLE_CODE = YES;
				CLANG_WARN__DUPLICATE_METHOD_MATCH = YES;
				CODE_SIGN_IDENTITY = "iPhone Developer: App Developer (ZMM788K49N)";
				COPY_PHASE_STRIP = NO;
				DEBUG_INFORMATION_FORMAT = dwarf;
				ENABLE_STRICT_OBJC_MSGSEND = YES;
				ENABLE_TESTABILITY = YES;
				GCC_C_LANGUAGE_STANDARD = gnu11;
				GCC_DYNAMIC_NO_PIC = NO;
				GCC_NO_COMMON_BLOCKS = YES;
				GCC_OPTIMIZATION_LEVEL = 0;
				GCC_PREPROCESSOR_DEFINITIONS = (
					"DEBUG=1",
					"$(inherited)",
				);
				GCC_WARN_64_TO_32_BIT_CONVERSION = YES;
				GCC_WARN_ABOUT_RETURN_TYPE = YES_ERROR;
				GCC_WARN_UNDECLARED_SELECTOR = YES;
				GCC_WARN_UNINITIALIZED_AUTOS = YES_AGGRESSIVE;
				GCC_WARN_UNUSED_FUNCTION = YES;
				GCC_WARN_UNUSED_VARIABLE = YES;
				IPHONEOS_DEPLOYMENT_TARGET = 12.1;
				MTL_ENABLE_DEBUG_INFO = INCLUDE_SOURCE;
				MTL_FAST_MATH = YES;
				ONLY_ACTIVE_ARCH = YES;
				SDKROOT = iphoneos;
				SWIFT_ACTIVE_COMPILATION_CONDITIONS = DEBUG;
				SWIFT_OPTIMIZATION_LEVEL = "-Onone";
			};
			name = Debug;
		};
		B7EAF87D2210185800AC84D4 /* Release */ = {
			isa = XCBuildConfiguration;
			buildSettings = {
				ALWAYS_SEARCH_USER_PATHS = NO;
				CLANG_ANALYZER_NONNULL = YES;
				CLANG_ANALYZER_NUMBER_OBJECT_CONVERSION = YES_AGGRESSIVE;
				CLANG_CXX_LANGUAGE_STANDARD = "gnu++14";
				CLANG_CXX_LIBRARY = "libc++";
				CLANG_ENABLE_MODULES = YES;
				CLANG_ENABLE_OBJC_ARC = YES;
				CLANG_ENABLE_OBJC_WEAK = YES;
				CLANG_WARN_BLOCK_CAPTURE_AUTORELEASING = YES;
				CLANG_WARN_BOOL_CONVERSION = YES;
				CLANG_WARN_COMMA = YES;
				CLANG_WARN_CONSTANT_CONVERSION = YES;
				CLANG_WARN_DEPRECATED_OBJC_IMPLEMENTATIONS = YES;
				CLANG_WARN_DIRECT_OBJC_ISA_USAGE = YES_ERROR;
				CLANG_WARN_DOCUMENTATION_COMMENTS = YES;
				CLANG_WARN_EMPTY_BODY = YES;
				CLANG_WARN_ENUM_CONVERSION = YES;
				CLANG_WARN_INFINITE_RECURSION = YES;
				CLANG_WARN_INT_CONVERSION = YES;
				CLANG_WARN_NON_LITERAL_NULL_CONVERSION = YES;
				CLANG_WARN_OBJC_IMPLICIT_RETAIN_SELF = YES;
				CLANG_WARN_OBJC_LITERAL_CONVERSION = YES;
				CLANG_WARN_OBJC_ROOT_CLASS = YES_ERROR;
				CLANG_WARN_RANGE_LOOP_ANALYSIS = YES;
				CLANG_WARN_STRICT_PROTOTYPES = YES;
				CLANG_WARN_SUSPICIOUS_MOVE = YES;
				CLANG_WARN_UNGUARDED_AVAILABILITY = YES_AGGRESSIVE;
				CLANG_WARN_UNREACHABLE_CODE = YES;
				CLANG_WARN__DUPLICATE_METHOD_MATCH = YES;
				CODE_SIGN_IDENTITY = "iPhone Distribution: PartiStaff Pty Ltd (MVSS3D4Y7Y)";
				COPY_PHASE_STRIP = NO;
				DEBUG_INFORMATION_FORMAT = "dwarf-with-dsym";
				ENABLE_NS_ASSERTIONS = NO;
				ENABLE_STRICT_OBJC_MSGSEND = YES;
				GCC_C_LANGUAGE_STANDARD = gnu11;
				GCC_NO_COMMON_BLOCKS = YES;
				GCC_WARN_64_TO_32_BIT_CONVERSION = YES;
				GCC_WARN_ABOUT_RETURN_TYPE = YES_ERROR;
				GCC_WARN_UNDECLARED_SELECTOR = YES;
				GCC_WARN_UNINITIALIZED_AUTOS = YES_AGGRESSIVE;
				GCC_WARN_UNUSED_FUNCTION = YES;
				GCC_WARN_UNUSED_VARIABLE = YES;
				IPHONEOS_DEPLOYMENT_TARGET = 12.1;
				MTL_ENABLE_DEBUG_INFO = NO;
				MTL_FAST_MATH = YES;
				SDKROOT = iphoneos;
				SWIFT_COMPILATION_MODE = wholemodule;
				SWIFT_OPTIMIZATION_LEVEL = "-O";
				VALIDATE_PRODUCT = YES;
			};
			name = Release;
		};
		B7EAF87F2210185800AC84D4 /* Debug */ = {
			isa = XCBuildConfiguration;
			buildSettings = {
				ASSETCATALOG_COMPILER_APPICON_NAME = AppIcon;
				CODE_SIGN_IDENTITY = "iPhone Developer";
				CODE_SIGN_STYLE = Automatic;
				DEBUG_INFORMATION_FORMAT = "dwarf-with-dsym";
				DEVELOPMENT_TEAM = UF2HSF292Z;
				INFOPLIST_FILE = SwiftSideMenu/Info.plist;
				IPHONEOS_DEPLOYMENT_TARGET = 11.0;
				LD_RUNPATH_SEARCH_PATHS = (
					"$(inherited)",
					"@executable_path/Frameworks",
				);
				PRODUCT_BUNDLE_IDENTIFIER = com.au.swiftSideMenu;
				PRODUCT_NAME = "$(TARGET_NAME)";
				PROVISIONING_PROFILE_SPECIFIER = "";
				SWIFT_OBJC_BRIDGING_HEADER = "SwiftSideMenu/SwiftSideMenu-Bridging-Header.h";
				SWIFT_VERSION = 4.2;
				TARGETED_DEVICE_FAMILY = "1,2";
			};
			name = Debug;
		};
		B7EAF8802210185800AC84D4 /* Release */ = {
			isa = XCBuildConfiguration;
			buildSettings = {
				ASSETCATALOG_COMPILER_APPICON_NAME = AppIcon;
				CODE_SIGN_IDENTITY = "iPhone Developer";
				CODE_SIGN_STYLE = Automatic;
				DEVELOPMENT_TEAM = UF2HSF292Z;
				INFOPLIST_FILE = SwiftSideMenu/Info.plist;
				IPHONEOS_DEPLOYMENT_TARGET = 11.0;
				LD_RUNPATH_SEARCH_PATHS = (
					"$(inherited)",
					"@executable_path/Frameworks",
				);
				PRODUCT_BUNDLE_IDENTIFIER = com.au.swiftSideMenu;
				PRODUCT_NAME = "$(TARGET_NAME)";
				PROVISIONING_PROFILE_SPECIFIER = "";
				SWIFT_OBJC_BRIDGING_HEADER = "SwiftSideMenu/SwiftSideMenu-Bridging-Header.h";
				SWIFT_VERSION = 4.2;
				TARGETED_DEVICE_FAMILY = "1,2";
			};
			name = Release;
		};
		B7EAF8822210185800AC84D4 /* Debug */ = {
			isa = XCBuildConfiguration;
			buildSettings = {
				ALWAYS_EMBED_SWIFT_STANDARD_LIBRARIES = YES;
				CODE_SIGN_IDENTITY = "iPhone Developer: App Developer (ZMM788K49N)";
				CODE_SIGN_STYLE = Automatic;
				INFOPLIST_FILE = SwiftSideMenuUITests/Info.plist;
				LD_RUNPATH_SEARCH_PATHS = (
					"$(inherited)",
					"@executable_path/Frameworks",
					"@loader_path/Frameworks",
				);
				PRODUCT_BUNDLE_IDENTIFIER = com.au.SwiftSideMenu.SwiftSideMenuUITests;
				PRODUCT_NAME = "$(TARGET_NAME)";
				SWIFT_VERSION = 4.2;
				TARGETED_DEVICE_FAMILY = "1,2";
				TEST_TARGET_NAME = PartiStaff;
			};
			name = Debug;
		};
		B7EAF8832210185800AC84D4 /* Release */ = {
			isa = XCBuildConfiguration;
			buildSettings = {
				ALWAYS_EMBED_SWIFT_STANDARD_LIBRARIES = YES;
				CODE_SIGN_IDENTITY = "iPhone Distribution: PartiStaff Pty Ltd (MVSS3D4Y7Y)";
				CODE_SIGN_STYLE = Automatic;
				INFOPLIST_FILE = SwiftSideMenuUITests/Info.plist;
				LD_RUNPATH_SEARCH_PATHS = (
					"$(inherited)",
					"@executable_path/Frameworks",
					"@loader_path/Frameworks",
				);
				PRODUCT_BUNDLE_IDENTIFIER = com.au.SwiftSideMenu.SwiftSideMenuUITests;
				PRODUCT_NAME = "$(TARGET_NAME)";
				SWIFT_VERSION = 4.2;
				TARGETED_DEVICE_FAMILY = "1,2";
				TEST_TARGET_NAME = PartiStaff;
			};
			name = Release;
		};
/* End XCBuildConfiguration section */

/* Begin XCConfigurationList section */
		B7EAF85C2210184C00AC84D4 /* Build configuration list for PBXProject "SwiftSideMenu" */ = {
			isa = XCConfigurationList;
			buildConfigurations = (
				B7EAF87C2210185800AC84D4 /* Debug */,
				B7EAF87D2210185800AC84D4 /* Release */,
			);
			defaultConfigurationIsVisible = 0;
			defaultConfigurationName = Release;
		};
		B7EAF87E2210185800AC84D4 /* Build configuration list for PBXNativeTarget "SwiftSideMenu" */ = {
			isa = XCConfigurationList;
			buildConfigurations = (
				B7EAF87F2210185800AC84D4 /* Debug */,
				B7EAF8802210185800AC84D4 /* Release */,
			);
			defaultConfigurationIsVisible = 0;
			defaultConfigurationName = Release;
		};
		B7EAF8812210185800AC84D4 /* Build configuration list for PBXNativeTarget "SwiftSideMenuUITests" */ = {
			isa = XCConfigurationList;
			buildConfigurations = (
				B7EAF8822210185800AC84D4 /* Debug */,
				B7EAF8832210185800AC84D4 /* Release */,
			);
			defaultConfigurationIsVisible = 0;
			defaultConfigurationName = Release;
		};
/* End XCConfigurationList section */
	};
	rootObject = B7EAF8592210184C00AC84D4 /* Project object */;
}
